// !$*UTF8*$!
{
	archiveVersion = 1;
	classes = {
	};
	objectVersion = 77;
	objects = {

/* Begin PBXBuildFile section */
		626E8DCD2F9DDC4A00BD51F9 /* FlyingFox in Frameworks */ = {isa = PBXBuildFile; productRef = 626E8DCC2F9DDC4A00BD51F9 /* FlyingFox */; };
		626E8DCF2F9DDC4A00BD51F9 /* FlyingSocks in Frameworks */ = {isa = PBXBuildFile; productRef = 626E8DCE2F9DDC4A00BD51F9 /* FlyingSocks */; };
		626E8DD62F9DDC9B00BD51F9 /* ALCombine in Frameworks */ = {isa = PBXBuildFile; productRef = 626E8DD52F9DDC9B00BD51F9 /* ALCombine */; };
		626E8DD82F9DDC9B00BD51F9 /* ALFoundation in Frameworks */ = {isa = PBXBuildFile; productRef = 626E8DD72F9DDC9B00BD51F9 /* ALFoundation */; };
/* End PBXBuildFile section */

/* Begin PBXContainerItemProxy section */
		626E8D5D2F9DD1C800BD51F9 /* PBXContainerItemProxy */ = {
			isa = PBXContainerItemProxy;
			containerPortal = 626E8D472F9DD1C700BD51F9 /* Project object */;
			proxyType = 1;
			remoteGlobalIDString = 626E8D4E2F9DD1C700BD51F9;
			remoteInfo = MarkdownPreviewer;
		};
		626E8D672F9DD1C800BD51F9 /* PBXContainerItemProxy */ = {
			isa = PBXContainerItemProxy;
			containerPortal = 626E8D472F9DD1C700BD51F9 /* Project object */;
			proxyType = 1;
			remoteGlobalIDString = 626E8D4E2F9DD1C700BD51F9;
			remoteInfo = MarkdownPreviewer;
		};
/* End PBXContainerItemProxy section */

/* Begin PBXFileReference section */
		626E8D4F2F9DD1C700BD51F9 /* MarkdownPreviewer.app */ = {isa = PBXFileReference; explicitFileType = wrapper.application; includeInIndex = 0; path = MarkdownPreviewer.app; sourceTree = BUILT_PRODUCTS_DIR; };
		626E8D5C2F9DD1C800BD51F9 /* MarkdownPreviewerTests.xctest */ = {isa = PBXFileReference; explicitFileType = wrapper.cfbundle; includeInIndex = 0; path = MarkdownPreviewerTests.xctest; sourceTree = BUILT_PRODUCTS_DIR; };
		626E8D662F9DD1C800BD51F9 /* MarkdownPreviewerUITests.xctest */ = {isa = PBXFileReference; explicitFileType = wrapper.cfbundle; includeInIndex = 0; path = MarkdownPreviewerUITests.xctest; sourceTree = BUILT_PRODUCTS_DIR; };
		626E8D792F9DD63000BD51F9 /* swift-core-kit */ = {isa = PBXFileReference; lastKnownFileType = wrapper; name = "swift-core-kit"; path = "/Users/leuski/Synced/General/Workbench-dev/swift-core-kit"; sourceTree = "<absolute>"; };
		626E8D7A2F9DD66800BD51F9 /* swift-argument-parser */ = {isa = PBXFileReference; lastKnownFileType = wrapper; name = "swift-argument-parser"; path = "/Users/leuski/Synced/General/Workbench-dev/swift-argument-parser"; sourceTree = "<absolute>"; };
/* End PBXFileReference section */

/* Begin PBXFileSystemSynchronizedBuildFileExceptionSet section */
		626E96DE2F9E871700BD51F9 /* Exceptions for "MarkdownPreviewer" folder in "MarkdownPreviewer" target */ = {
			isa = PBXFileSystemSynchronizedBuildFileExceptionSet;
			membershipExceptions = (
				Resources/MenuBarIcon.pcvd,
			);
			target = 626E8D4E2F9DD1C700BD51F9 /* MarkdownPreviewer */;
		};
/* End PBXFileSystemSynchronizedBuildFileExceptionSet section */

/* Begin PBXFileSystemSynchronizedRootGroup section */
		626E8D512F9DD1C700BD51F9 /* MarkdownPreviewer */ = {
			isa = PBXFileSystemSynchronizedRootGroup;
			exceptions = (
				626E96DE2F9E871700BD51F9 /* Exceptions for "MarkdownPreviewer" folder in "MarkdownPreviewer" target */,
			);
			path = MarkdownPreviewer;
			sourceTree = "<group>";
		};
		626E8D5F2F9DD1C800BD51F9 /* MarkdownPreviewerTests */ = {
			isa = PBXFileSystemSynchronizedRootGroup;
			path = MarkdownPreviewerTests;
			sourceTree = "<group>";
		};
		626E8D692F9DD1C800BD51F9 /* MarkdownPreviewerUITests */ = {
			isa = PBXFileSystemSynchronizedRootGroup;
			path = MarkdownPreviewerUITests;
			sourceTree = "<group>";
		};
/* End PBXFileSystemSynchronizedRootGroup section */

/* Begin PBXFrameworksBuildPhase section */
		626E8D4C2F9DD1C700BD51F9 /* Frameworks */ = {
			isa = PBXFrameworksBuildPhase;
			buildActionMask = 2147483647;
			files = (
				626E8DD82F9DDC9B00BD51F9 /* ALFoundation in Frameworks */,
				626E8DCD2F9DDC4A00BD51F9 /* FlyingFox in Frameworks */,
				626E8DD62F9DDC9B00BD51F9 /* ALCombine in Frameworks */,
				626E8DCF2F9DDC4A00BD51F9 /* FlyingSocks in Frameworks */,
			);
			runOnlyForDeploymentPostprocessing = 0;
		};
		626E8D592F9DD1C800BD51F9 /* Frameworks */ = {
			isa = PBXFrameworksBuildPhase;
			buildActionMask = 2147483647;
			files = (
			);
			runOnlyForDeploymentPostprocessing = 0;
		};
		626E8D632F9DD1C800BD51F9 /* Frameworks */ = {
			isa = PBXFrameworksBuildPhase;
			buildActionMask = 2147483647;
			files = (
			);
			runOnlyForDeploymentPostprocessing = 0;
		};
/* End PBXFrameworksBuildPhase section */

/* Begin PBXGroup section */
		626E8D462F9DD1C700BD51F9 = {
			isa = PBXGroup;
			children = (
				626E8D7A2F9DD66800BD51F9 /* swift-argument-parser */,
				626E8D792F9DD63000BD51F9 /* swift-core-kit */,
				626E8D512F9DD1C700BD51F9 /* MarkdownPreviewer */,
				626E8D5F2F9DD1C800BD51F9 /* MarkdownPreviewerTests */,
				626E8D692F9DD1C800BD51F9 /* MarkdownPreviewerUITests */,
				626E8DD42F9DDC9B00BD51F9 /* Frameworks */,
				626E8D502F9DD1C700BD51F9 /* Products */,
			);
			sourceTree = "<group>";
		};
		626E8D502F9DD1C700BD51F9 /* Products */ = {
			isa = PBXGroup;
			children = (
				626E8D4F2F9DD1C700BD51F9 /* MarkdownPreviewer.app */,
				626E8D5C2F9DD1C800BD51F9 /* MarkdownPreviewerTests.xctest */,
				626E8D662F9DD1C800BD51F9 /* MarkdownPreviewerUITests.xctest */,
			);
			name = Products;
			sourceTree = "<group>";
		};
		626E8DD42F9DDC9B00BD51F9 /* Frameworks */ = {
			isa = PBXGroup;
			children = (
			);
			name = Frameworks;
			sourceTree = "<group>";
		};
/* End PBXGroup section */

/* Begin PBXNativeTarget section */
		626E8D4E2F9DD1C700BD51F9 /* MarkdownPreviewer */ = {
			isa = PBXNativeTarget;
			buildConfigurationList = 626E8D702F9DD1C800BD51F9 /* Build configuration list for PBXNativeTarget "MarkdownPreviewer" */;
			buildPhases = (
				626E8D4B2F9DD1C700BD51F9 /* Sources */,
				626E8D4C2F9DD1C700BD51F9 /* Frameworks */,
				626E8D4D2F9DD1C700BD51F9 /* Resources */,
			);
			buildRules = (
			);
			dependencies = (
				626E8DD12F9DDC9100BD51F9 /* PBXTargetDependency */,
				626E8DD32F9DDC9100BD51F9 /* PBXTargetDependency */,
				626E8D8C2F9DD98A00BD51F9 /* PBXTargetDependency */,
				626E8D8E2F9DD98A00BD51F9 /* PBXTargetDependency */,
			);
			fileSystemSynchronizedGroups = (
				626E8D512F9DD1C700BD51F9 /* MarkdownPreviewer */,
			);
			name = MarkdownPreviewer;
			packageProductDependencies = (
				626E8DCC2F9DDC4A00BD51F9 /* FlyingFox */,
				626E8DCE2F9DDC4A00BD51F9 /* FlyingSocks */,
				626E8DD52F9DDC9B00BD51F9 /* ALCombine */,
				626E8DD72F9DDC9B00BD51F9 /* ALFoundation */,
			);
			productName = MarkdownPreviewer;
			productReference = 626E8D4F2F9DD1C700BD51F9 /* MarkdownPreviewer.app */;
			productType = "com.apple.product-type.application";
		};
		626E8D5B2F9DD1C800BD51F9 /* MarkdownPreviewerTests */ = {
			isa = PBXNativeTarget;
			buildConfigurationList = 626E8D732F9DD1C800BD51F9 /* Build configuration list for PBXNativeTarget "MarkdownPreviewerTests" */;
			buildPhases = (
				626E8D582F9DD1C800BD51F9 /* Sources */,
				626E8D592F9DD1C800BD51F9 /* Frameworks */,
				626E8D5A2F9DD1C800BD51F9 /* Resources */,
			);
			buildRules = (
			);
			dependencies = (
				626E8D5E2F9DD1C800BD51F9 /* PBXTargetDependency */,
			);
			fileSystemSynchronizedGroups = (
				626E8D5F2F9DD1C800BD51F9 /* MarkdownPreviewerTests */,
			);
			name = MarkdownPreviewerTests;
			packageProductDependencies = (
			);
			productName = MarkdownPreviewerTests;
			productReference = 626E8D5C2F9DD1C800BD51F9 /* MarkdownPreviewerTests.xctest */;
			productType = "com.apple.product-type.bundle.unit-test";
		};
		626E8D652F9DD1C800BD51F9 /* MarkdownPreviewerUITests */ = {
			isa = PBXNativeTarget;
			buildConfigurationList = 626E8D762F9DD1C800BD51F9 /* Build configuration list for PBXNativeTarget "MarkdownPreviewerUITests" */;
			buildPhases = (
				626E8D622F9DD1C800BD51F9 /* Sources */,
				626E8D632F9DD1C800BD51F9 /* Frameworks */,
				626E8D642F9DD1C800BD51F9 /* Resources */,
			);
			buildRules = (
			);
			dependencies = (
				626E8D682F9DD1C800BD51F9 /* PBXTargetDependency */,
			);
			fileSystemSynchronizedGroups = (
				626E8D692F9DD1C800BD51F9 /* MarkdownPreviewerUITests */,
			);
			name = MarkdownPreviewerUITests;
			packageProductDependencies = (
			);
			productName = MarkdownPreviewerUITests;
			productReference = 626E8D662F9DD1C800BD51F9 /* MarkdownPreviewerUITests.xctest */;
			productType = "com.apple.product-type.bundle.ui-testing";
		};
/* End PBXNativeTarget section */

/* Begin PBXProject section */
		626E8D472F9DD1C700BD51F9 /* Project object */ = {
			isa = PBXProject;
			attributes = {
				BuildIndependentTargetsInParallel = 1;
				LastSwiftUpdateCheck = 2640;
				LastUpgradeCheck = 2640;
				TargetAttributes = {
					626E8D4E2F9DD1C700BD51F9 = {
						CreatedOnToolsVersion = 26.4.1;
					};
					626E8D5B2F9DD1C800BD51F9 = {
						CreatedOnToolsVersion = 26.4.1;
						TestTargetID = 626E8D4E2F9DD1C700BD51F9;
					};
					626E8D652F9DD1C800BD51F9 = {
						CreatedOnToolsVersion = 26.4.1;
						TestTargetID = 626E8D4E2F9DD1C700BD51F9;
					};
				};
			};
			buildConfigurationList = 626E8D4A2F9DD1C700BD51F9 /* Build configuration list for PBXProject "MarkdownPreviewer" */;
			developmentRegion = en;
			hasScannedForEncodings = 0;
			knownRegions = (
				en,
				Base,
			);
			mainGroup = 626E8D462F9DD1C700BD51F9;
			minimizedProjectReferenceProxies = 1;
			packageReferences = (
				626E8DCB2F9DDC4A00BD51F9 /* XCRemoteSwiftPackageReference "FlyingFox" */,
			);
			preferredProjectObjectVersion = 77;
			productRefGroup = 626E8D502F9DD1C700BD51F9 /* Products */;
			projectDirPath = "";
			projectRoot = "";
			targets = (
				626E8D4E2F9DD1C700BD51F9 /* MarkdownPreviewer */,
				626E8D5B2F9DD1C800BD51F9 /* MarkdownPreviewerTests */,
				626E8D652F9DD1C800BD51F9 /* MarkdownPreviewerUITests */,
			);
		};
/* End PBXProject section */

/* Begin PBXResourcesBuildPhase section */
		626E8D4D2F9DD1C700BD51F9 /* Resources */ = {
			isa = PBXResourcesBuildPhase;
			buildActionMask = 2147483647;
			files = (
			);
			runOnlyForDeploymentPostprocessing = 0;
		};
		626E8D5A2F9DD1C800BD51F9 /* Resources */ = {
			isa = PBXResourcesBuildPhase;
			buildActionMask = 2147483647;
			files = (
			);
			runOnlyForDeploymentPostprocessing = 0;
		};
		626E8D642F9DD1C800BD51F9 /* Resources */ = {
			isa = PBXResourcesBuildPhase;
			buildActionMask = 2147483647;
			files = (
			);
			runOnlyForDeploymentPostprocessing = 0;
		};
/* End PBXResourcesBuildPhase section */

/* Begin PBXSourcesBuildPhase section */
		626E8D4B2F9DD1C700BD51F9 /* Sources */ = {
			isa = PBXSourcesBuildPhase;
			buildActionMask = 2147483647;
			files = (
			);
			runOnlyForDeploymentPostprocessing = 0;
		};
		626E8D582F9DD1C800BD51F9 /* Sources */ = {
			isa = PBXSourcesBuildPhase;
			buildActionMask = 2147483647;
			files = (
			);
			runOnlyForDeploymentPostprocessing = 0;
		};
		626E8D622F9DD1C800BD51F9 /* Sources */ = {
			isa = PBXSourcesBuildPhase;
			buildActionMask = 2147483647;
			files = (
			);
			runOnlyForDeploymentPostprocessing = 0;
		};
/* End PBXSourcesBuildPhase section */

/* Begin PBXTargetDependency section */
		626E8D5E2F9DD1C800BD51F9 /* PBXTargetDependency */ = {
			isa = PBXTargetDependency;
			target = 626E8D4E2F9DD1C700BD51F9 /* MarkdownPreviewer */;
			targetProxy = 626E8D5D2F9DD1C800BD51F9 /* PBXContainerItemProxy */;
		};
		626E8D682F9DD1C800BD51F9 /* PBXTargetDependency */ = {
			isa = PBXTargetDependency;
			target = 626E8D4E2F9DD1C700BD51F9 /* MarkdownPreviewer */;
			targetProxy = 626E8D672F9DD1C800BD51F9 /* PBXContainerItemProxy */;
		};
		626E8D8C2F9DD98A00BD51F9 /* PBXTargetDependency */ = {
			isa = PBXTargetDependency;
			productRef = 626E8D8B2F9DD98A00BD51F9 /* ALCombine */;
		};
		626E8D8E2F9DD98A00BD51F9 /* PBXTargetDependency */ = {
			isa = PBXTargetDependency;
			productRef = 626E8D8D2F9DD98A00BD51F9 /* ALFoundation */;
		};
		626E8DD12F9DDC9100BD51F9 /* PBXTargetDependency */ = {
			isa = PBXTargetDependency;
			productRef = 626E8DD02F9DDC9100BD51F9 /* FlyingFox */;
		};
		626E8DD32F9DDC9100BD51F9 /* PBXTargetDependency */ = {
			isa = PBXTargetDependency;
			productRef = 626E8DD22F9DDC9100BD51F9 /* FlyingSocks */;
		};
/* End PBXTargetDependency section */

/* Begin XCBuildConfiguration section */
		626E8D6E2F9DD1C800BD51F9 /* Debug */ = {
			isa = XCBuildConfiguration;
			buildSettings = {
				ALWAYS_SEARCH_USER_PATHS = NO;
				ASSETCATALOG_COMPILER_GENERATE_SWIFT_ASSET_SYMBOL_EXTENSIONS = YES;
				CLANG_ANALYZER_NONNULL = YES;
				CLANG_ANALYZER_NUMBER_OBJECT_CONVERSION = YES_AGGRESSIVE;
				CLANG_CXX_LANGUAGE_STANDARD = "gnu++20";
				CLANG_ENABLE_MODULES = YES;
				CLANG_ENABLE_OBJC_ARC = YES;
				CLANG_ENABLE_OBJC_WEAK = YES;
				CLANG_WARN_BLOCK_CAPTURE_AUTORELEASING = YES;
				CLANG_WARN_BOOL_CONVERSION = YES;
				CLANG_WARN_COMMA = YES;
				CLANG_WARN_CONSTANT_CONVERSION = YES;
				CLANG_WARN_DEPRECATED_OBJC_IMPLEMENTATIONS = YES;
				CLANG_WARN_DIRECT_OBJC_ISA_USAGE = YES_ERROR;
				CLANG_WARN_DOCUMENTATION_COMMENTS = YES;
				CLANG_WARN_EMPTY_BODY = YES;
				CLANG_WARN_ENUM_CONVERSION = YES;
				CLANG_WARN_INFINITE_RECURSION = YES;
				CLANG_WARN_INT_CONVERSION = YES;
				CLANG_WARN_NON_LITERAL_NULL_CONVERSION = YES;
				CLANG_WARN_OBJC_IMPLICIT_RETAIN_SELF = YES;
				CLANG_WARN_OBJC_LITERAL_CONVERSION = YES;
				CLANG_WARN_OBJC_ROOT_CLASS = YES_ERROR;
				CLANG_WARN_QUOTED_INCLUDE_IN_FRAMEWORK_HEADER = YES;
				CLANG_WARN_RANGE_LOOP_ANALYSIS = YES;
				CLANG_WARN_STRICT_PROTOTYPES = YES;
				CLANG_WARN_SUSPICIOUS_MOVE = YES;
				CLANG_WARN_UNGUARDED_AVAILABILITY = YES_AGGRESSIVE;
				CLANG_WARN_UNREACHABLE_CODE = YES;
				CLANG_WARN__DUPLICATE_METHOD_MATCH = YES;
				COPY_PHASE_STRIP = NO;
				DEBUG_INFORMATION_FORMAT = dwarf;
				DEVELOPMENT_TEAM = FS73MHCS98;
				ENABLE_STRICT_OBJC_MSGSEND = YES;
				ENABLE_TESTABILITY = YES;
				ENABLE_USER_SCRIPT_SANDBOXING = YES;
				GCC_C_LANGUAGE_STANDARD = gnu17;
				GCC_DYNAMIC_NO_PIC = NO;
				GCC_NO_COMMON_BLOCKS = YES;
				GCC_OPTIMIZATION_LEVEL = 0;
				GCC_PREPROCESSOR_DEFINITIONS = (
					"DEBUG=1",
					"$(inherited)",
				);
				GCC_WARN_64_TO_32_BIT_CONVERSION = YES;
				GCC_WARN_ABOUT_RETURN_TYPE = YES_ERROR;
				GCC_WARN_UNDECLARED_SELECTOR = YES;
				GCC_WARN_UNINITIALIZED_AUTOS = YES_AGGRESSIVE;
				GCC_WARN_UNUSED_FUNCTION = YES;
				GCC_WARN_UNUSED_VARIABLE = YES;
				LOCALIZATION_PREFERS_STRING_CATALOGS = YES;
				MACOSX_DEPLOYMENT_TARGET = 26.4;
				MTL_ENABLE_DEBUG_INFO = INCLUDE_SOURCE;
				MTL_FAST_MATH = YES;
				ONLY_ACTIVE_ARCH = YES;
				SDKROOT = macosx;
				SWIFT_ACTIVE_COMPILATION_CONDITIONS = "DEBUG $(inherited)";
				SWIFT_OPTIMIZATION_LEVEL = "-Onone";
			};
			name = Debug;
		};
		626E8D6F2F9DD1C800BD51F9 /* Release */ = {
			isa = XCBuildConfiguration;
			buildSettings = {
				ALWAYS_SEARCH_USER_PATHS = NO;
				ASSETCATALOG_COMPILER_GENERATE_SWIFT_ASSET_SYMBOL_EXTENSIONS = YES;
				CLANG_ANALYZER_NONNULL = YES;
				CLANG_ANALYZER_NUMBER_OBJECT_CONVERSION = YES_AGGRESSIVE;
				CLANG_CXX_LANGUAGE_STANDARD = "gnu++20";
				CLANG_ENABLE_MODULES = YES;
				CLANG_ENABLE_OBJC_ARC = YES;
				CLANG_ENABLE_OBJC_WEAK = YES;
				CLANG_WARN_BLOCK_CAPTURE_AUTORELEASING = YES;
				CLANG_WARN_BOOL_CONVERSION = YES;
				CLANG_WARN_COMMA = YES;
				CLANG_WARN_CONSTANT_CONVERSION = YES;
				CLANG_WARN_DEPRECATED_OBJC_IMPLEMENTATIONS = YES;
				CLANG_WARN_DIRECT_OBJC_ISA_USAGE = YES_ERROR;
				CLANG_WARN_DOCUMENTATION_COMMENTS = YES;
				CLANG_WARN_EMPTY_BODY = YES;
				CLANG_WARN_ENUM_CONVERSION = YES;
				CLANG_WARN_INFINITE_RECURSION = YES;
				CLANG_WARN_INT_CONVERSION = YES;
				CLANG_WARN_NON_LITERAL_NULL_CONVERSION = YES;
				CLANG_WARN_OBJC_IMPLICIT_RETAIN_SELF = YES;
				CLANG_WARN_OBJC_LITERAL_CONVERSION = YES;
				CLANG_WARN_OBJC_ROOT_CLASS = YES_ERROR;
				CLANG_WARN_QUOTED_INCLUDE_IN_FRAMEWORK_HEADER = YES;
				CLANG_WARN_RANGE_LOOP_ANALYSIS = YES;
				CLANG_WARN_STRICT_PROTOTYPES = YES;
				CLANG_WARN_SUSPICIOUS_MOVE = YES;
				CLANG_WARN_UNGUARDED_AVAILABILITY = YES_AGGRESSIVE;
				CLANG_WARN_UNREACHABLE_CODE = YES;
				CLANG_WARN__DUPLICATE_METHOD_MATCH = YES;
				COPY_PHASE_STRIP = NO;
				DEBUG_INFORMATION_FORMAT = "dwarf-with-dsym";
				DEVELOPMENT_TEAM = FS73MHCS98;
				ENABLE_NS_ASSERTIONS = NO;
				ENABLE_STRICT_OBJC_MSGSEND = YES;
				ENABLE_USER_SCRIPT_SANDBOXING = YES;
				GCC_C_LANGUAGE_STANDARD = gnu17;
				GCC_NO_COMMON_BLOCKS = YES;
				GCC_WARN_64_TO_32_BIT_CONVERSION = YES;
				GCC_WARN_ABOUT_RETURN_TYPE = YES_ERROR;
				GCC_WARN_UNDECLARED_SELECTOR = YES;
				GCC_WARN_UNINITIALIZED_AUTOS = YES_AGGRESSIVE;
				GCC_WARN_UNUSED_FUNCTION = YES;
				GCC_WARN_UNUSED_VARIABLE = YES;
				LOCALIZATION_PREFERS_STRING_CATALOGS = YES;
				MACOSX_DEPLOYMENT_TARGET = 26.4;
				MTL_ENABLE_DEBUG_INFO = NO;
				MTL_FAST_MATH = YES;
				SDKROOT = macosx;
				SWIFT_COMPILATION_MODE = wholemodule;
			};
			name = Release;
		};
		626E8D712F9DD1C800BD51F9 /* Debug */ = {
			isa = XCBuildConfiguration;
			buildSettings = {
				ASSETCATALOG_COMPILER_APPICON_NAME = AppIcon;
				ASSETCATALOG_COMPILER_GLOBAL_ACCENT_COLOR_NAME = AccentColor;
				CODE_SIGN_STYLE = Automatic;
				COMBINE_HIDPI_IMAGES = YES;
				CURRENT_PROJECT_VERSION = 1;
				DEVELOPMENT_TEAM = FS73MHCS98;
				ENABLE_APP_SANDBOX = NO;
				ENABLE_HARDENED_RUNTIME = YES;
				ENABLE_PREVIEWS = YES;
				GENERATE_INFOPLIST_FILE = YES;
				INFOPLIST_KEY_LSUIElement = YES;
				INFOPLIST_KEY_NSHumanReadableCopyright = "";
				LD_RUNPATH_SEARCH_PATHS = (
					"$(inherited)",
					"@executable_path/../Frameworks",
				);
				MARKETING_VERSION = 1.0;
				PRODUCT_BUNDLE_IDENTIFIER = net.leuski.MarkdownPreviewer;
				PRODUCT_NAME = "$(TARGET_NAME)";
				REGISTER_APP_GROUPS = YES;
				STRING_CATALOG_GENERATE_SYMBOLS = YES;
				SWIFT_APPROACHABLE_CONCURRENCY = YES;
				SWIFT_EMIT_LOC_STRINGS = YES;
				SWIFT_UPCOMING_FEATURE_MEMBER_IMPORT_VISIBILITY = YES;
				SWIFT_VERSION = 5.0;
			};
			name = Debug;
		};
		626E8D722F9DD1C800BD51F9 /* Release */ = {
			isa = XCBuildConfiguration;
			buildSettings = {
				ASSETCATALOG_COMPILER_APPICON_NAME = AppIcon;
				ASSETCATALOG_COMPILER_GLOBAL_ACCENT_COLOR_NAME = AccentColor;
				CODE_SIGN_STYLE = Automatic;
				COMBINE_HIDPI_IMAGES = YES;
				CURRENT_PROJECT_VERSION = 1;
				DEVELOPMENT_TEAM = FS73MHCS98;
				ENABLE_APP_SANDBOX = NO;
				ENABLE_HARDENED_RUNTIME = YES;
				ENABLE_PREVIEWS = YES;
				GENERATE_INFOPLIST_FILE = YES;
				INFOPLIST_KEY_LSUIElement = YES;
				INFOPLIST_KEY_NSHumanReadableCopyright = "";
				LD_RUNPATH_SEARCH_PATHS = (
					"$(inherited)",
					"@executable_path/../Frameworks",
				);
				MARKETING_VERSION = 1.0;
				PRODUCT_BUNDLE_IDENTIFIER = net.leuski.MarkdownPreviewer;
				PRODUCT_NAME = "$(TARGET_NAME)";
				REGISTER_APP_GROUPS = YES;
				STRING_CATALOG_GENERATE_SYMBOLS = YES;
				SWIFT_APPROACHABLE_CONCURRENCY = YES;
				SWIFT_EMIT_LOC_STRINGS = YES;
				SWIFT_UPCOMING_FEATURE_MEMBER_IMPORT_VISIBILITY = YES;
				SWIFT_VERSION = 5.0;
			};
			name = Release;
		};
		626E8D742F9DD1C800BD51F9 /* Debug */ = {
			isa = XCBuildConfiguration;
			buildSettings = {
				BUNDLE_LOADER = "$(TEST_HOST)";
				CODE_SIGN_STYLE = Automatic;
				CURRENT_PROJECT_VERSION = 1;
				DEVELOPMENT_TEAM = FS73MHCS98;
				GENERATE_INFOPLIST_FILE = YES;
				MACOSX_DEPLOYMENT_TARGET = 26.4;
				MARKETING_VERSION = 1.0;
				PRODUCT_BUNDLE_IDENTIFIER = net.leuski.MarkdownPreviewerTests;
				PRODUCT_NAME = "$(TARGET_NAME)";
				STRING_CATALOG_GENERATE_SYMBOLS = NO;
				SWIFT_APPROACHABLE_CONCURRENCY = YES;
				SWIFT_EMIT_LOC_STRINGS = NO;
				SWIFT_UPCOMING_FEATURE_MEMBER_IMPORT_VISIBILITY = YES;
				SWIFT_VERSION = 5.0;
				TEST_HOST = "$(BUILT_PRODUCTS_DIR)/MarkdownPreviewer.app/$(BUNDLE_EXECUTABLE_FOLDER_PATH)/MarkdownPreviewer";
			};
			name = Debug;
		};
		626E8D752F9DD1C800BD51F9 /* Release */ = {
			isa = XCBuildConfiguration;
			buildSettings = {
				BUNDLE_LOADER = "$(TEST_HOST)";
				CODE_SIGN_STYLE = Automatic;
				CURRENT_PROJECT_VERSION = 1;
				DEVELOPMENT_TEAM = FS73MHCS98;
				GENERATE_INFOPLIST_FILE = YES;
				MACOSX_DEPLOYMENT_TARGET = 26.4;
				MARKETING_VERSION = 1.0;
				PRODUCT_BUNDLE_IDENTIFIER = net.leuski.MarkdownPreviewerTests;
				PRODUCT_NAME = "$(TARGET_NAME)";
				STRING_CATALOG_GENERATE_SYMBOLS = NO;
				SWIFT_APPROACHABLE_CONCURRENCY = YES;
				SWIFT_EMIT_LOC_STRINGS = NO;
				SWIFT_UPCOMING_FEATURE_MEMBER_IMPORT_VISIBILITY = YES;
				SWIFT_VERSION = 5.0;
				TEST_HOST = "$(BUILT_PRODUCTS_DIR)/MarkdownPreviewer.app/$(BUNDLE_EXECUTABLE_FOLDER_PATH)/MarkdownPreviewer";
			};
			name = Release;
		};
		626E8D772F9DD1C800BD51F9 /* Debug */ = {
			isa = XCBuildConfiguration;
			buildSettings = {
				CODE_SIGN_STYLE = Automatic;
				CURRENT_PROJECT_VERSION = 1;
				DEVELOPMENT_TEAM = FS73MHCS98;
				GENERATE_INFOPLIST_FILE = YES;
				MARKETING_VERSION = 1.0;
				PRODUCT_BUNDLE_IDENTIFIER = net.leuski.MarkdownPreviewerUITests;
				PRODUCT_NAME = "$(TARGET_NAME)";
				STRING_CATALOG_GENERATE_SYMBOLS = NO;
				SWIFT_APPROACHABLE_CONCURRENCY = YES;
				SWIFT_EMIT_LOC_STRINGS = NO;
				SWIFT_UPCOMING_FEATURE_MEMBER_IMPORT_VISIBILITY = YES;
				SWIFT_VERSION = 5.0;
				TEST_TARGET_NAME = MarkdownPreviewer;
			};
			name = Debug;
		};
		626E8D782F9DD1C800BD51F9 /* Release */ = {
			isa = XCBuildConfiguration;
			buildSettings = {
				CODE_SIGN_STYLE = Automatic;
				CURRENT_PROJECT_VERSION = 1;
				DEVELOPMENT_TEAM = FS73MHCS98;
				GENERATE_INFOPLIST_FILE = YES;
				MARKETING_VERSION = 1.0;
				PRODUCT_BUNDLE_IDENTIFIER = net.leuski.MarkdownPreviewerUITests;
				PRODUCT_NAME = "$(TARGET_NAME)";
				STRING_CATALOG_GENERATE_SYMBOLS = NO;
				SWIFT_APPROACHABLE_CONCURRENCY = YES;
				SWIFT_EMIT_LOC_STRINGS = NO;
				SWIFT_UPCOMING_FEATURE_MEMBER_IMPORT_VISIBILITY = YES;
				SWIFT_VERSION = 5.0;
				TEST_TARGET_NAME = MarkdownPreviewer;
			};
			name = Release;
		};
/* End XCBuildConfiguration section */

/* Begin XCConfigurationList section */
		626E8D4A2F9DD1C700BD51F9 /* Build configuration list for PBXProject "MarkdownPreviewer" */ = {
			isa = XCConfigurationList;
			buildConfigurations = (
				626E8D6E2F9DD1C800BD51F9 /* Debug */,
				626E8D6F2F9DD1C800BD51F9 /* Release */,
			);
			defaultConfigurationIsVisible = 0;
			defaultConfigurationName = Release;
		};
		626E8D702F9DD1C800BD51F9 /* Build configuration list for PBXNativeTarget "MarkdownPreviewer" */ = {
			isa = XCConfigurationList;
			buildConfigurations = (
				626E8D712F9DD1C800BD51F9 /* Debug */,
				626E8D722F9DD1C800BD51F9 /* Release */,
			);
			defaultConfigurationIsVisible = 0;
			defaultConfigurationName = Release;
		};
		626E8D732F9DD1C800BD51F9 /* Build configuration list for PBXNativeTarget "MarkdownPreviewerTests" */ = {
			isa = XCConfigurationList;
			buildConfigurations = (
				626E8D742F9DD1C800BD51F9 /* Debug */,
				626E8D752F9DD1C800BD51F9 /* Release */,
			);
			defaultConfigurationIsVisible = 0;
			defaultConfigurationName = Release;
		};
		626E8D762F9DD1C800BD51F9 /* Build configuration list for PBXNativeTarget "MarkdownPreviewerUITests" */ = {
			isa = XCConfigurationList;
			buildConfigurations = (
				626E8D772F9DD1C800BD51F9 /* Debug */,
				626E8D782F9DD1C800BD51F9 /* Release */,
			);
			defaultConfigurationIsVisible = 0;
			defaultConfigurationName = Release;
		};
/* End XCConfigurationList section */

/* Begin XCRemoteSwiftPackageReference section */
		626E8DCB2F9DDC4A00BD51F9 /* XCRemoteSwiftPackageReference "FlyingFox" */ = {
			isa = XCRemoteSwiftPackageReference;
			repositoryURL = "https://github.com/swhitty/FlyingFox.git";
			requirement = {
				kind = upToNextMajorVersion;
				minimumVersion = 0.26.2;
			};
		};
/* End XCRemoteSwiftPackageReference section */

/* Begin XCSwiftPackageProductDependency section */
		626E8D8B2F9DD98A00BD51F9 /* ALCombine */ = {
			isa = XCSwiftPackageProductDependency;
			productName = ALCombine;
		};
		626E8D8D2F9DD98A00BD51F9 /* ALFoundation */ = {
			isa = XCSwiftPackageProductDependency;
			productName = ALFoundation;
		};
		626E8DCC2F9DDC4A00BD51F9 /* FlyingFox */ = {
			isa = XCSwiftPackageProductDependency;
			package = 626E8DCB2F9DDC4A00BD51F9 /* XCRemoteSwiftPackageReference "FlyingFox" */;
			productName = FlyingFox;
		};
		626E8DCE2F9DDC4A00BD51F9 /* FlyingSocks */ = {
			isa = XCSwiftPackageProductDependency;
			package = 626E8DCB2F9DDC4A00BD51F9 /* XCRemoteSwiftPackageReference "FlyingFox" */;
			productName = FlyingSocks;
		};
		626E8DD02F9DDC9100BD51F9 /* FlyingFox */ = {
			isa = XCSwiftPackageProductDependency;
			package = 626E8DCB2F9DDC4A00BD51F9 /* XCRemoteSwiftPackageReference "FlyingFox" */;
			productName = FlyingFox;
		};
		626E8DD22F9DDC9100BD51F9 /* FlyingSocks */ = {
			isa = XCSwiftPackageProductDependency;
			package = 626E8DCB2F9DDC4A00BD51F9 /* XCRemoteSwiftPackageReference "FlyingFox" */;
			productName = FlyingSocks;
		};
		626E8DD52F9DDC9B00BD51F9 /* ALCombine */ = {
			isa = XCSwiftPackageProductDependency;
			productName = ALCombine;
		};
		626E8DD72F9DDC9B00BD51F9 /* ALFoundation */ = {
			isa = XCSwiftPackageProductDependency;
			productName = ALFoundation;
		};
/* End XCSwiftPackageProductDependency section */
	};
	rootObject = 626E8D472F9DD1C700BD51F9 /* Project object */;
}
