// !$*UTF8*$!
{
	archiveVersion = 1;
	classes = {
	};
	objectVersion = 77;
	objects = {

/* Begin PBXBuildFile section */
		626E8DCD2F9DDC4A00BD51F9 /* FlyingFox in Frameworks */ = {isa = PBXBuildFile; productRef = 626E8DCC2F9DDC4A00BD51F9 /* FlyingFox */; };
		626E8DCF2F9DDC4A00BD51F9 /* FlyingSocks in Frameworks */ = {isa = PBXBuildFile; productRef = 626E8DCE2F9DDC4A00BD51F9 /* FlyingSocks */; };
		626E8DD82F9DDC9B00BD51F9 /* ALFoundation in Frameworks */ = {isa = PBXBuildFile; productRef = 626E8DD72F9DDC9B00BD51F9 /* ALFoundation */; };
		626E96E32F9E8DFE00BD51F9 /* Markdown in Frameworks */ = {isa = PBXBuildFile; productRef = 626E96E22F9E8DFE00BD51F9 /* Markdown */; };
		62D5C88F2F9FBD0000CADD72 /* Scripts in Resources */ = {isa = PBXBuildFile; fileRef = 62D5C88E2F9FBD0000CADD72 /* Scripts */; };
		62F00001000000000000F004 /* GalleyCoreKit in Frameworks */ = {isa = PBXBuildFile; productRef = 62F00001000000000000F002 /* GalleyCoreKit */; };
		62F00001000000000000F005 /* GalleyCoreKit in Frameworks */ = {isa = PBXBuildFile; productRef = 62F00001000000000000F003 /* GalleyCoreKit */; };
		62F00001000000000000F009 /* GalleyServerKit in Frameworks */ = {isa = PBXBuildFile; productRef = 62F00001000000000000F008 /* GalleyServerKit */; };
/* End PBXBuildFile section */

/* Begin PBXContainerItemProxy section */
		626E8D5D2F9DD1C800BD51F9 /* PBXContainerItemProxy */ = {
			isa = PBXContainerItemProxy;
			containerPortal = 626E8D472F9DD1C700BD51F9 /* Project object */;
			proxyType = 1;
			remoteGlobalIDString = 626E8D4E2F9DD1C700BD51F9;
			remoteInfo = MarkdownPreviewer;
		};
/* End PBXContainerItemProxy section */

/* Begin PBXFileReference section */
		626E8D4F2F9DD1C700BD51F9 /* Markdown Preview Server.app */ = {isa = PBXFileReference; explicitFileType = wrapper.application; includeInIndex = 0; path = "Markdown Preview Server.app"; sourceTree = BUILT_PRODUCTS_DIR; };
		626E8D5C2F9DD1C800BD51F9 /* Tests.xctest */ = {isa = PBXFileReference; explicitFileType = wrapper.cfbundle; includeInIndex = 0; path = Tests.xctest; sourceTree = BUILT_PRODUCTS_DIR; };
		62D5C88E2F9FBD0000CADD72 /* Scripts */ = {isa = PBXFileReference; lastKnownFileType = folder; path = Scripts; sourceTree = "<group>"; };
		62D5CA192FA048F000CADD72 /* Galley.app */ = {isa = PBXFileReference; explicitFileType = wrapper.application; includeInIndex = 0; path = Galley.app; sourceTree = BUILT_PRODUCTS_DIR; };
/* End PBXFileReference section */

/* Begin PBXFileSystemSynchronizedBuildFileExceptionSet section */
		62D5D5552FA1844000CADD72 /* Exceptions for "Viewer" folder in "Viewer" target */ = {
			isa = PBXFileSystemSynchronizedBuildFileExceptionSet;
			membershipExceptions = (
				Resources/Info.plist,
			);
			target = 62D5CA182FA048F000CADD72 /* Viewer */;
		};
/* End PBXFileSystemSynchronizedBuildFileExceptionSet section */

/* Begin PBXFileSystemSynchronizedRootGroup section */
		626EAA332F9FB5A000BD51F9 /* Tests */ = {
			isa = PBXFileSystemSynchronizedRootGroup;
			path = Tests;
			sourceTree = "<group>";
		};
		62D5C9302FA01C3900CADD72 /* Scripts */ = {
			isa = PBXFileSystemSynchronizedRootGroup;
			path = Scripts;
			sourceTree = "<group>";
		};
		62D5D5292FA1673B00CADD72 /* Server */ = {
			isa = PBXFileSystemSynchronizedRootGroup;
			path = Server;
			sourceTree = "<group>";
		};
		62D5D5432FA1674A00CADD72 /* Viewer */ = {
			isa = PBXFileSystemSynchronizedRootGroup;
			exceptions = (
				62D5D5552FA1844000CADD72 /* Exceptions for "Viewer" folder in "Viewer" target */,
			);
			path = Viewer;
			sourceTree = "<group>";
		};
/* End PBXFileSystemSynchronizedRootGroup section */

/* Begin PBXFrameworksBuildPhase section */
		626E8D4C2F9DD1C700BD51F9 /* Frameworks */ = {
			isa = PBXFrameworksBuildPhase;
			buildActionMask = 2147483647;
			files = (
				626E8DD82F9DDC9B00BD51F9 /* ALFoundation in Frameworks */,
				626E8DCD2F9DDC4A00BD51F9 /* FlyingFox in Frameworks */,
				62F00001000000000000F004 /* GalleyCoreKit in Frameworks */,
				62F00001000000000000F009 /* GalleyServerKit in Frameworks */,
				626E96E32F9E8DFE00BD51F9 /* Markdown in Frameworks */,
				626E8DCF2F9DDC4A00BD51F9 /* FlyingSocks in Frameworks */,
			);
			runOnlyForDeploymentPostprocessing = 0;
		};
		626E8D592F9DD1C800BD51F9 /* Frameworks */ = {
			isa = PBXFrameworksBuildPhase;
			buildActionMask = 2147483647;
			files = (
			);
			runOnlyForDeploymentPostprocessing = 0;
		};
		62D5CA162FA048F000CADD72 /* Frameworks */ = {
			isa = PBXFrameworksBuildPhase;
			buildActionMask = 2147483647;
			files = (
				62F00001000000000000F005 /* GalleyCoreKit in Frameworks */,
			);
			runOnlyForDeploymentPostprocessing = 0;
		};
/* End PBXFrameworksBuildPhase section */

/* Begin PBXGroup section */
		626E8D462F9DD1C700BD51F9 = {
			isa = PBXGroup;
			children = (
				62D5C9302FA01C3900CADD72 /* Scripts */,
				62D5D51C2FA1672700CADD72 /* Sources */,
				62D5C8842F9FBCA700CADD72 /* Resources */,
				626EAA332F9FB5A000BD51F9 /* Tests */,
				626E8D502F9DD1C700BD51F9 /* Products */,
			);
			sourceTree = "<group>";
		};
		626E8D502F9DD1C700BD51F9 /* Products */ = {
			isa = PBXGroup;
			children = (
				626E8D4F2F9DD1C700BD51F9 /* Markdown Preview Server.app */,
				626E8D5C2F9DD1C800BD51F9 /* Tests.xctest */,
				62D5CA192FA048F000CADD72 /* Galley.app */,
			);
			name = Products;
			sourceTree = "<group>";
		};
		62D5C8842F9FBCA700CADD72 /* Resources */ = {
			isa = PBXGroup;
			children = (
				62D5C88E2F9FBD0000CADD72 /* Scripts */,
			);
			path = Resources;
			sourceTree = "<group>";
		};
		62D5D51C2FA1672700CADD72 /* Sources */ = {
			isa = PBXGroup;
			children = (
				62D5D5292FA1673B00CADD72 /* Server */,
				62D5D5432FA1674A00CADD72 /* Viewer */,
			);
			path = Sources;
			sourceTree = "<group>";
		};
/* End PBXGroup section */

/* Begin PBXNativeTarget section */
		626E8D4E2F9DD1C700BD51F9 /* Server */ = {
			isa = PBXNativeTarget;
			buildConfigurationList = 626E8D702F9DD1C800BD51F9 /* Build configuration list for PBXNativeTarget "Server" */;
			buildPhases = (
				626E8D4B2F9DD1C700BD51F9 /* Sources */,
				626E975B2F9E985B00BD51F9 /* Lint */,
				626E8D4C2F9DD1C700BD51F9 /* Frameworks */,
				626E8D4D2F9DD1C700BD51F9 /* Resources */,
				626E975A2F9E982900BD51F9 /* Instal Release */,
			);
			buildRules = (
			);
			dependencies = (
				626E8DD12F9DDC9100BD51F9 /* PBXTargetDependency */,
				626E8DD32F9DDC9100BD51F9 /* PBXTargetDependency */,
				626E8D8E2F9DD98A00BD51F9 /* PBXTargetDependency */,
				62F00001000000000000F006 /* PBXTargetDependency */,
				62F00001000000000000F00A /* PBXTargetDependency */,
			);
			fileSystemSynchronizedGroups = (
				62D5D5292FA1673B00CADD72 /* Server */,
			);
			name = Server;
			packageProductDependencies = (
				626E8DCC2F9DDC4A00BD51F9 /* FlyingFox */,
				626E8DCE2F9DDC4A00BD51F9 /* FlyingSocks */,
				626E8DD72F9DDC9B00BD51F9 /* ALFoundation */,
				626E96E22F9E8DFE00BD51F9 /* Markdown */,
				62F00001000000000000F002 /* GalleyCoreKit */,
				62F00001000000000000F008 /* GalleyServerKit */,
			);
			productName = MarkdownPreviewer;
			productReference = 626E8D4F2F9DD1C700BD51F9 /* Markdown Preview Server.app */;
			productType = "com.apple.product-type.application";
		};
		626E8D5B2F9DD1C800BD51F9 /* Tests */ = {
			isa = PBXNativeTarget;
			buildConfigurationList = 626E8D732F9DD1C800BD51F9 /* Build configuration list for PBXNativeTarget "Tests" */;
			buildPhases = (
				626E8D582F9DD1C800BD51F9 /* Sources */,
				626E8D592F9DD1C800BD51F9 /* Frameworks */,
				626E8D5A2F9DD1C800BD51F9 /* Resources */,
			);
			buildRules = (
			);
			dependencies = (
				626E8D5E2F9DD1C800BD51F9 /* PBXTargetDependency */,
			);
			fileSystemSynchronizedGroups = (
				626EAA332F9FB5A000BD51F9 /* Tests */,
			);
			name = Tests;
			packageProductDependencies = (
			);
			productName = MarkdownPreviewerTests;
			productReference = 626E8D5C2F9DD1C800BD51F9 /* Tests.xctest */;
			productType = "com.apple.product-type.bundle.unit-test";
		};
		62D5CA182FA048F000CADD72 /* Viewer */ = {
			isa = PBXNativeTarget;
			buildConfigurationList = 62D5CA252FA048F000CADD72 /* Build configuration list for PBXNativeTarget "Viewer" */;
			buildPhases = (
				62D5CA152FA048F000CADD72 /* Sources */,
				62D5CA162FA048F000CADD72 /* Frameworks */,
				62D5CA172FA048F000CADD72 /* Resources */,
			);
			buildRules = (
			);
			dependencies = (
				62F00001000000000000F007 /* PBXTargetDependency */,
			);
			fileSystemSynchronizedGroups = (
				62D5D5432FA1674A00CADD72 /* Viewer */,
			);
			name = Viewer;
			packageProductDependencies = (
				62F00001000000000000F003 /* GalleyCoreKit */,
			);
			productName = "Markdown Eye";
			productReference = 62D5CA192FA048F000CADD72 /* Galley.app */;
			productType = "com.apple.product-type.application";
		};
/* End PBXNativeTarget section */

/* Begin PBXProject section */
		626E8D472F9DD1C700BD51F9 /* Project object */ = {
			isa = PBXProject;
			attributes = {
				BuildIndependentTargetsInParallel = 1;
				LastSwiftUpdateCheck = 2640;
				LastUpgradeCheck = 2640;
				TargetAttributes = {
					626E8D4E2F9DD1C700BD51F9 = {
						CreatedOnToolsVersion = 26.4.1;
					};
					626E8D5B2F9DD1C800BD51F9 = {
						CreatedOnToolsVersion = 26.4.1;
						TestTargetID = 626E8D4E2F9DD1C700BD51F9;
					};
					62D5CA182FA048F000CADD72 = {
						CreatedOnToolsVersion = 26.4.1;
					};
				};
			};
			buildConfigurationList = 626E8D4A2F9DD1C700BD51F9 /* Build configuration list for PBXProject "MarkdownPreviewer" */;
			developmentRegion = en;
			hasScannedForEncodings = 0;
			knownRegions = (
				en,
				Base,
			);
			mainGroup = 626E8D462F9DD1C700BD51F9;
			minimizedProjectReferenceProxies = 1;
			packageReferences = (
				626E8DCB2F9DDC4A00BD51F9 /* XCRemoteSwiftPackageReference "FlyingFox" */,
				626E96E12F9E8DFE00BD51F9 /* XCRemoteSwiftPackageReference "swift-markdown" */,
				626EAA012FA0000100BD51F9 /* XCRemoteSwiftPackageReference "swift-core-kit" */,
				62F00001000000000000F001 /* XCLocalSwiftPackageReference "Kit" */,
			);
			preferredProjectObjectVersion = 77;
			productRefGroup = 626E8D502F9DD1C700BD51F9 /* Products */;
			projectDirPath = "";
			projectRoot = "";
			targets = (
				626E8D4E2F9DD1C700BD51F9 /* Server */,
				626E8D5B2F9DD1C800BD51F9 /* Tests */,
				62D5CA182FA048F000CADD72 /* Viewer */,
			);
		};
/* End PBXProject section */

/* Begin PBXResourcesBuildPhase section */
		626E8D4D2F9DD1C700BD51F9 /* Resources */ = {
			isa = PBXResourcesBuildPhase;
			buildActionMask = 2147483647;
			files = (
				62D5C88F2F9FBD0000CADD72 /* Scripts in Resources */,
			);
			runOnlyForDeploymentPostprocessing = 0;
		};
		626E8D5A2F9DD1C800BD51F9 /* Resources */ = {
			isa = PBXResourcesBuildPhase;
			buildActionMask = 2147483647;
			files = (
			);
			runOnlyForDeploymentPostprocessing = 0;
		};
		62D5CA172FA048F000CADD72 /* Resources */ = {
			isa = PBXResourcesBuildPhase;
			buildActionMask = 2147483647;
			files = (
			);
			runOnlyForDeploymentPostprocessing = 0;
		};
/* End PBXResourcesBuildPhase section */

/* Begin PBXShellScriptBuildPhase section */
		626E975A2F9E982900BD51F9 /* Instal Release */ = {
			isa = PBXShellScriptBuildPhase;
			alwaysOutOfDate = 1;
			buildActionMask = 2147483647;
			files = (
			);
			inputFileListPaths = (
			);
			inputPaths = (
			);
			name = "Instal Release";
			outputFileListPaths = (
			);
			outputPaths = (
			);
			runOnlyForDeploymentPostprocessing = 0;
			shellPath = /bin/sh;
			shellScript = "# Only run for Release builds, and skip during archive (release.sh handles install).\nif [ \"$CONFIGURATION\" != \"Release\" ]; then\n    exit 0\nfi\nif [ \"$ACTION\" = \"install\" ]; then\n    echo \"Skipping /Applications install during archive (release.sh handles it).\"\n    exit 0\nfi\n\nset -e\n\nAPP_NAME=\"${FULL_PRODUCT_NAME}\"\nBUILD_PATH=\"${TARGET_BUILD_DIR}/${APP_NAME}\"\nINSTALL_DIR=\"/Applications\"\nINSTALL_PATH=\"${INSTALL_DIR}/${APP_NAME}\"\n\necho \"Installing ${APP_NAME} to ${INSTALL_DIR}...\"\n\n# Remove existing app\nif [ -d \"${INSTALL_PATH}\" ]; then\n    echo \"Removing existing app...\"\n    rm -rf \"${INSTALL_PATH}\"\nfi\n\n# Copy new build\nditto \"${BUILD_PATH}\" \"${INSTALL_PATH}\"\n\necho \"Installed ${APP_NAME} to ${INSTALL_PATH}\"\n";
		};
		626E975B2F9E985B00BD51F9 /* Lint */ = {
			isa = PBXShellScriptBuildPhase;
			alwaysOutOfDate = 1;
			buildActionMask = 2147483647;
			files = (
			);
			inputFileListPaths = (
			);
			inputPaths = (
			);
			name = Lint;
			outputFileListPaths = (
			);
			outputPaths = (
			);
			runOnlyForDeploymentPostprocessing = 0;
			shellPath = /bin/sh;
			shellScript = "export PATH=\"$PATH:/opt/homebrew/bin:/usr/local/bin\"\n\nif which swiftlint > /dev/null; then\n  swiftlint --config swiftlint.yml\nelse\n  echo \"warning: SwiftLint not installed, download from https://github.com/realm/SwiftLint\"\nfi\n";
		};
/* End PBXShellScriptBuildPhase section */

/* Begin PBXSourcesBuildPhase section */
		626E8D4B2F9DD1C700BD51F9 /* Sources */ = {
			isa = PBXSourcesBuildPhase;
			buildActionMask = 2147483647;
			files = (
			);
			runOnlyForDeploymentPostprocessing = 0;
		};
		626E8D582F9DD1C800BD51F9 /* Sources */ = {
			isa = PBXSourcesBuildPhase;
			buildActionMask = 2147483647;
			files = (
			);
			runOnlyForDeploymentPostprocessing = 0;
		};
		62D5CA152FA048F000CADD72 /* Sources */ = {
			isa = PBXSourcesBuildPhase;
			buildActionMask = 2147483647;
			files = (
			);
			runOnlyForDeploymentPostprocessing = 0;
		};
/* End PBXSourcesBuildPhase section */

/* Begin PBXTargetDependency section */
		626E8D5E2F9DD1C800BD51F9 /* PBXTargetDependency */ = {
			isa = PBXTargetDependency;
			target = 626E8D4E2F9DD1C700BD51F9 /* Server */;
			targetProxy = 626E8D5D2F9DD1C800BD51F9 /* PBXContainerItemProxy */;
		};
		626E8D8E2F9DD98A00BD51F9 /* PBXTargetDependency */ = {
			isa = PBXTargetDependency;
			productRef = 626E8D8D2F9DD98A00BD51F9 /* ALFoundation */;
		};
		626E8DD12F9DDC9100BD51F9 /* PBXTargetDependency */ = {
			isa = PBXTargetDependency;
			productRef = 626E8DD02F9DDC9100BD51F9 /* FlyingFox */;
		};
		626E8DD32F9DDC9100BD51F9 /* PBXTargetDependency */ = {
			isa = PBXTargetDependency;
			productRef = 626E8DD22F9DDC9100BD51F9 /* FlyingSocks */;
		};
		62F00001000000000000F006 /* PBXTargetDependency */ = {
			isa = PBXTargetDependency;
			productRef = 62F00001000000000000F002 /* GalleyCoreKit */;
		};
		62F00001000000000000F007 /* PBXTargetDependency */ = {
			isa = PBXTargetDependency;
			productRef = 62F00001000000000000F003 /* GalleyCoreKit */;
		};
		62F00001000000000000F00A /* PBXTargetDependency */ = {
			isa = PBXTargetDependency;
			productRef = 62F00001000000000000F008 /* GalleyServerKit */;
		};
/* End PBXTargetDependency section */

/* Begin XCBuildConfiguration section */
		626E8D6E2F9DD1C800BD51F9 /* Debug */ = {
			isa = XCBuildConfiguration;
			buildSettings = {
				ALWAYS_SEARCH_USER_PATHS = NO;
				ASSETCATALOG_COMPILER_GENERATE_SWIFT_ASSET_SYMBOL_EXTENSIONS = YES;
				CLANG_ANALYZER_NONNULL = YES;
				CLANG_ANALYZER_NUMBER_OBJECT_CONVERSION = YES_AGGRESSIVE;
				CLANG_CXX_LANGUAGE_STANDARD = "gnu++20";
				CLANG_ENABLE_MODULES = YES;
				CLANG_ENABLE_OBJC_ARC = YES;
				CLANG_ENABLE_OBJC_WEAK = YES;
				CLANG_WARN_BLOCK_CAPTURE_AUTORELEASING = YES;
				CLANG_WARN_BOOL_CONVERSION = YES;
				CLANG_WARN_COMMA = YES;
				CLANG_WARN_CONSTANT_CONVERSION = YES;
				CLANG_WARN_DEPRECATED_OBJC_IMPLEMENTATIONS = YES;
				CLANG_WARN_DIRECT_OBJC_ISA_USAGE = YES_ERROR;
				CLANG_WARN_DOCUMENTATION_COMMENTS = YES;
				CLANG_WARN_EMPTY_BODY = YES;
				CLANG_WARN_ENUM_CONVERSION = YES;
				CLANG_WARN_INFINITE_RECURSION = YES;
				CLANG_WARN_INT_CONVERSION = YES;
				CLANG_WARN_NON_LITERAL_NULL_CONVERSION = YES;
				CLANG_WARN_OBJC_IMPLICIT_RETAIN_SELF = YES;
				CLANG_WARN_OBJC_LITERAL_CONVERSION = YES;
				CLANG_WARN_OBJC_ROOT_CLASS = YES_ERROR;
				CLANG_WARN_QUOTED_INCLUDE_IN_FRAMEWORK_HEADER = YES;
				CLANG_WARN_RANGE_LOOP_ANALYSIS = YES;
				CLANG_WARN_STRICT_PROTOTYPES = YES;
				CLANG_WARN_SUSPICIOUS_MOVE = YES;
				CLANG_WARN_UNGUARDED_AVAILABILITY = YES_AGGRESSIVE;
				CLANG_WARN_UNREACHABLE_CODE = YES;
				CLANG_WARN__DUPLICATE_METHOD_MATCH = YES;
				COPY_PHASE_STRIP = NO;
				DEBUG_INFORMATION_FORMAT = dwarf;
				DEVELOPMENT_TEAM = FS73MHCS98;
				ENABLE_STRICT_OBJC_MSGSEND = YES;
				ENABLE_TESTABILITY = YES;
				ENABLE_USER_SCRIPT_SANDBOXING = YES;
				GCC_C_LANGUAGE_STANDARD = gnu17;
				GCC_DYNAMIC_NO_PIC = NO;
				GCC_NO_COMMON_BLOCKS = YES;
				GCC_OPTIMIZATION_LEVEL = 0;
				GCC_PREPROCESSOR_DEFINITIONS = (
					"DEBUG=1",
					"$(inherited)",
				);
				GCC_WARN_64_TO_32_BIT_CONVERSION = YES;
				GCC_WARN_ABOUT_RETURN_TYPE = YES_ERROR;
				GCC_WARN_UNDECLARED_SELECTOR = YES;
				GCC_WARN_UNINITIALIZED_AUTOS = YES_AGGRESSIVE;
				GCC_WARN_UNUSED_FUNCTION = YES;
				GCC_WARN_UNUSED_VARIABLE = YES;
				LOCALIZATION_PREFERS_STRING_CATALOGS = YES;
				MACOSX_DEPLOYMENT_TARGET = 26.4;
				MTL_ENABLE_DEBUG_INFO = INCLUDE_SOURCE;
				MTL_FAST_MATH = YES;
				ONLY_ACTIVE_ARCH = YES;
				SDKROOT = macosx;
				SWIFT_ACTIVE_COMPILATION_CONDITIONS = "DEBUG $(inherited)";
				SWIFT_OPTIMIZATION_LEVEL = "-Onone";
				SWIFT_VERSION = 5.0;
			};
			name = Debug;
		};
		626E8D6F2F9DD1C800BD51F9 /* Release */ = {
			isa = XCBuildConfiguration;
			buildSettings = {
				ALWAYS_SEARCH_USER_PATHS = NO;
				ASSETCATALOG_COMPILER_GENERATE_SWIFT_ASSET_SYMBOL_EXTENSIONS = YES;
				CLANG_ANALYZER_NONNULL = YES;
				CLANG_ANALYZER_NUMBER_OBJECT_CONVERSION = YES_AGGRESSIVE;
				CLANG_CXX_LANGUAGE_STANDARD = "gnu++20";
				CLANG_ENABLE_MODULES = YES;
				CLANG_ENABLE_OBJC_ARC = YES;
				CLANG_ENABLE_OBJC_WEAK = YES;
				CLANG_WARN_BLOCK_CAPTURE_AUTORELEASING = YES;
				CLANG_WARN_BOOL_CONVERSION = YES;
				CLANG_WARN_COMMA = YES;
				CLANG_WARN_CONSTANT_CONVERSION = YES;
				CLANG_WARN_DEPRECATED_OBJC_IMPLEMENTATIONS = YES;
				CLANG_WARN_DIRECT_OBJC_ISA_USAGE = YES_ERROR;
				CLANG_WARN_DOCUMENTATION_COMMENTS = YES;
				CLANG_WARN_EMPTY_BODY = YES;
				CLANG_WARN_ENUM_CONVERSION = YES;
				CLANG_WARN_INFINITE_RECURSION = YES;
				CLANG_WARN_INT_CONVERSION = YES;
				CLANG_WARN_NON_LITERAL_NULL_CONVERSION = YES;
				CLANG_WARN_OBJC_IMPLICIT_RETAIN_SELF = YES;
				CLANG_WARN_OBJC_LITERAL_CONVERSION = YES;
				CLANG_WARN_OBJC_ROOT_CLASS = YES_ERROR;
				CLANG_WARN_QUOTED_INCLUDE_IN_FRAMEWORK_HEADER = YES;
				CLANG_WARN_RANGE_LOOP_ANALYSIS = YES;
				CLANG_WARN_STRICT_PROTOTYPES = YES;
				CLANG_WARN_SUSPICIOUS_MOVE = YES;
				CLANG_WARN_UNGUARDED_AVAILABILITY = YES_AGGRESSIVE;
				CLANG_WARN_UNREACHABLE_CODE = YES;
				CLANG_WARN__DUPLICATE_METHOD_MATCH = YES;
				COPY_PHASE_STRIP = NO;
				DEBUG_INFORMATION_FORMAT = "dwarf-with-dsym";
				DEVELOPMENT_TEAM = FS73MHCS98;
				ENABLE_NS_ASSERTIONS = NO;
				ENABLE_STRICT_OBJC_MSGSEND = YES;
				ENABLE_USER_SCRIPT_SANDBOXING = YES;
				GCC_C_LANGUAGE_STANDARD = gnu17;
				GCC_NO_COMMON_BLOCKS = YES;
				GCC_WARN_64_TO_32_BIT_CONVERSION = YES;
				GCC_WARN_ABOUT_RETURN_TYPE = YES_ERROR;
				GCC_WARN_UNDECLARED_SELECTOR = YES;
				GCC_WARN_UNINITIALIZED_AUTOS = YES_AGGRESSIVE;
				GCC_WARN_UNUSED_FUNCTION = YES;
				GCC_WARN_UNUSED_VARIABLE = YES;
				LOCALIZATION_PREFERS_STRING_CATALOGS = YES;
				MACOSX_DEPLOYMENT_TARGET = 26.4;
				MTL_ENABLE_DEBUG_INFO = NO;
				MTL_FAST_MATH = YES;
				SDKROOT = macosx;
				SWIFT_COMPILATION_MODE = wholemodule;
				SWIFT_VERSION = 5.0;
			};
			name = Release;
		};
		626E8D712F9DD1C800BD51F9 /* Debug */ = {
			isa = XCBuildConfiguration;
			buildSettings = {
				ASSETCATALOG_COMPILER_APPICON_NAME = AppIcon;
				ASSETCATALOG_COMPILER_GLOBAL_ACCENT_COLOR_NAME = AccentColor;
				CODE_SIGN_STYLE = Automatic;
				COMBINE_HIDPI_IMAGES = YES;
				CURRENT_PROJECT_VERSION = 1;
				DEVELOPMENT_TEAM = FS73MHCS98;
				ENABLE_APP_SANDBOX = NO;
				ENABLE_HARDENED_RUNTIME = YES;
				ENABLE_PREVIEWS = YES;
				ENABLE_USER_SCRIPT_SANDBOXING = NO;
				GENERATE_INFOPLIST_FILE = YES;
				INFOPLIST_KEY_LSUIElement = YES;
				INFOPLIST_KEY_NSHumanReadableCopyright = "";
				LD_RUNPATH_SEARCH_PATHS = (
					"$(inherited)",
					"@executable_path/../Frameworks",
				);
				MACOSX_DEPLOYMENT_TARGET = 15.6;
				MARKETING_VERSION = 1.0;
				PRODUCT_BUNDLE_IDENTIFIER = net.leuski.MarkdownPreviewer;
				PRODUCT_NAME = "Markdown Preview Server";
				REGISTER_APP_GROUPS = YES;
				STRING_CATALOG_GENERATE_SYMBOLS = YES;
				SWIFT_APPROACHABLE_CONCURRENCY = YES;
				SWIFT_EMIT_LOC_STRINGS = YES;
				SWIFT_UPCOMING_FEATURE_MEMBER_IMPORT_VISIBILITY = YES;
			};
			name = Debug;
		};
		626E8D722F9DD1C800BD51F9 /* Release */ = {
			isa = XCBuildConfiguration;
			buildSettings = {
				ASSETCATALOG_COMPILER_APPICON_NAME = AppIcon;
				ASSETCATALOG_COMPILER_GLOBAL_ACCENT_COLOR_NAME = AccentColor;
				CODE_SIGN_STYLE = Automatic;
				COMBINE_HIDPI_IMAGES = YES;
				CURRENT_PROJECT_VERSION = 1;
				DEVELOPMENT_TEAM = FS73MHCS98;
				ENABLE_APP_SANDBOX = NO;
				ENABLE_HARDENED_RUNTIME = YES;
				ENABLE_PREVIEWS = YES;
				ENABLE_USER_SCRIPT_SANDBOXING = NO;
				GENERATE_INFOPLIST_FILE = YES;
				INFOPLIST_KEY_LSUIElement = YES;
				INFOPLIST_KEY_NSHumanReadableCopyright = "";
				LD_RUNPATH_SEARCH_PATHS = (
					"$(inherited)",
					"@executable_path/../Frameworks",
				);
				MACOSX_DEPLOYMENT_TARGET = 15.6;
				MARKETING_VERSION = 1.0;
				PRODUCT_BUNDLE_IDENTIFIER = net.leuski.MarkdownPreviewer;
				PRODUCT_NAME = "Markdown Preview Server";
				REGISTER_APP_GROUPS = YES;
				STRING_CATALOG_GENERATE_SYMBOLS = YES;
				SWIFT_APPROACHABLE_CONCURRENCY = YES;
				SWIFT_EMIT_LOC_STRINGS = YES;
				SWIFT_UPCOMING_FEATURE_MEMBER_IMPORT_VISIBILITY = YES;
			};
			name = Release;
		};
		626E8D742F9DD1C800BD51F9 /* Debug */ = {
			isa = XCBuildConfiguration;
			buildSettings = {
				BUNDLE_LOADER = "$(TEST_HOST)";
				CODE_SIGN_STYLE = Automatic;
				CURRENT_PROJECT_VERSION = 1;
				DEVELOPMENT_TEAM = FS73MHCS98;
				GENERATE_INFOPLIST_FILE = YES;
				MACOSX_DEPLOYMENT_TARGET = 26.4;
				MARKETING_VERSION = 1.0;
				PRODUCT_BUNDLE_IDENTIFIER = net.leuski.MarkdownPreviewerTests;
				PRODUCT_NAME = "$(TARGET_NAME)";
				STRING_CATALOG_GENERATE_SYMBOLS = NO;
				SWIFT_APPROACHABLE_CONCURRENCY = YES;
				SWIFT_EMIT_LOC_STRINGS = NO;
				SWIFT_UPCOMING_FEATURE_MEMBER_IMPORT_VISIBILITY = YES;
				SWIFT_VERSION = 5.0;
				TEST_HOST = "$(BUILT_PRODUCTS_DIR)/Markdown Preview Server.app/$(BUNDLE_EXECUTABLE_FOLDER_PATH)/Markdown Preview Server";
			};
			name = Debug;
		};
		626E8D752F9DD1C800BD51F9 /* Release */ = {
			isa = XCBuildConfiguration;
			buildSettings = {
				BUNDLE_LOADER = "$(TEST_HOST)";
				CODE_SIGN_STYLE = Automatic;
				CURRENT_PROJECT_VERSION = 1;
				DEVELOPMENT_TEAM = FS73MHCS98;
				GENERATE_INFOPLIST_FILE = YES;
				MACOSX_DEPLOYMENT_TARGET = 26.4;
				MARKETING_VERSION = 1.0;
				PRODUCT_BUNDLE_IDENTIFIER = net.leuski.MarkdownPreviewerTests;
				PRODUCT_NAME = "$(TARGET_NAME)";
				STRING_CATALOG_GENERATE_SYMBOLS = NO;
				SWIFT_APPROACHABLE_CONCURRENCY = YES;
				SWIFT_EMIT_LOC_STRINGS = NO;
				SWIFT_UPCOMING_FEATURE_MEMBER_IMPORT_VISIBILITY = YES;
				SWIFT_VERSION = 5.0;
				TEST_HOST = "$(BUILT_PRODUCTS_DIR)/Markdown Preview Server.app/$(BUNDLE_EXECUTABLE_FOLDER_PATH)/Markdown Preview Server";
			};
			name = Release;
		};
		62D5CA262FA048F000CADD72 /* Debug */ = {
			isa = XCBuildConfiguration;
			buildSettings = {
				ASSETCATALOG_COMPILER_APPICON_NAME = AppIcon;
				ASSETCATALOG_COMPILER_GLOBAL_ACCENT_COLOR_NAME = AccentColor;
				CODE_SIGN_STYLE = Automatic;
				COMBINE_HIDPI_IMAGES = YES;
				CURRENT_PROJECT_VERSION = 1;
				DEVELOPMENT_TEAM = FS73MHCS98;
				ENABLE_APP_SANDBOX = NO;
				ENABLE_HARDENED_RUNTIME = YES;
				ENABLE_PREVIEWS = YES;
				GENERATE_INFOPLIST_FILE = YES;
				INFOPLIST_FILE = Sources/Viewer/Resources/Info.plist;
				INFOPLIST_KEY_NSHumanReadableCopyright = "";
				LD_RUNPATH_SEARCH_PATHS = (
					"$(inherited)",
					"@executable_path/../Frameworks",
				);
				MARKETING_VERSION = 1.0;
				PRODUCT_BUNDLE_IDENTIFIER = "net.leuski.Markdown-Eye";
				PRODUCT_NAME = Galley;
				REGISTER_APP_GROUPS = YES;
				STRING_CATALOG_GENERATE_SYMBOLS = YES;
				SWIFT_APPROACHABLE_CONCURRENCY = YES;
				SWIFT_DEFAULT_ACTOR_ISOLATION = MainActor;
				SWIFT_EMIT_LOC_STRINGS = YES;
				SWIFT_UPCOMING_FEATURE_MEMBER_IMPORT_VISIBILITY = YES;
				SWIFT_VERSION = 5.0;
			};
			name = Debug;
		};
		62D5CA272FA048F000CADD72 /* Release */ = {
			isa = XCBuildConfiguration;
			buildSettings = {
				ASSETCATALOG_COMPILER_APPICON_NAME = AppIcon;
				ASSETCATALOG_COMPILER_GLOBAL_ACCENT_COLOR_NAME = AccentColor;
				CODE_SIGN_STYLE = Automatic;
				COMBINE_HIDPI_IMAGES = YES;
				CURRENT_PROJECT_VERSION = 1;
				DEVELOPMENT_TEAM = FS73MHCS98;
				ENABLE_APP_SANDBOX = NO;
				ENABLE_HARDENED_RUNTIME = YES;
				ENABLE_PREVIEWS = YES;
				GENERATE_INFOPLIST_FILE = YES;
				INFOPLIST_FILE = Sources/Viewer/Resources/Info.plist;
				INFOPLIST_KEY_NSHumanReadableCopyright = "";
				LD_RUNPATH_SEARCH_PATHS = (
					"$(inherited)",
					"@executable_path/../Frameworks",
				);
				MARKETING_VERSION = 1.0;
				PRODUCT_BUNDLE_IDENTIFIER = "net.leuski.Markdown-Eye";
				PRODUCT_NAME = Galley;
				REGISTER_APP_GROUPS = YES;
				STRING_CATALOG_GENERATE_SYMBOLS = YES;
				SWIFT_APPROACHABLE_CONCURRENCY = YES;
				SWIFT_DEFAULT_ACTOR_ISOLATION = MainActor;
				SWIFT_EMIT_LOC_STRINGS = YES;
				SWIFT_UPCOMING_FEATURE_MEMBER_IMPORT_VISIBILITY = YES;
				SWIFT_VERSION = 5.0;
			};
			name = Release;
		};
/* End XCBuildConfiguration section */

/* Begin XCConfigurationList section */
		626E8D4A2F9DD1C700BD51F9 /* Build configuration list for PBXProject "MarkdownPreviewer" */ = {
			isa = XCConfigurationList;
			buildConfigurations = (
				626E8D6E2F9DD1C800BD51F9 /* Debug */,
				626E8D6F2F9DD1C800BD51F9 /* Release */,
			);
			defaultConfigurationIsVisible = 0;
			defaultConfigurationName = Release;
		};
		626E8D702F9DD1C800BD51F9 /* Build configuration list for PBXNativeTarget "Server" */ = {
			isa = XCConfigurationList;
			buildConfigurations = (
				626E8D712F9DD1C800BD51F9 /* Debug */,
				626E8D722F9DD1C800BD51F9 /* Release */,
			);
			defaultConfigurationIsVisible = 0;
			defaultConfigurationName = Release;
		};
		626E8D732F9DD1C800BD51F9 /* Build configuration list for PBXNativeTarget "Tests" */ = {
			isa = XCConfigurationList;
			buildConfigurations = (
				626E8D742F9DD1C800BD51F9 /* Debug */,
				626E8D752F9DD1C800BD51F9 /* Release */,
			);
			defaultConfigurationIsVisible = 0;
			defaultConfigurationName = Release;
		};
		62D5CA252FA048F000CADD72 /* Build configuration list for PBXNativeTarget "Viewer" */ = {
			isa = XCConfigurationList;
			buildConfigurations = (
				62D5CA262FA048F000CADD72 /* Debug */,
				62D5CA272FA048F000CADD72 /* Release */,
			);
			defaultConfigurationIsVisible = 0;
			defaultConfigurationName = Release;
		};
/* End XCConfigurationList section */

/* Begin XCLocalSwiftPackageReference section */
		62F00001000000000000F001 /* XCLocalSwiftPackageReference "Kit" */ = {
			isa = XCLocalSwiftPackageReference;
			relativePath = Kit;
		};
/* End XCLocalSwiftPackageReference section */

/* Begin XCRemoteSwiftPackageReference section */
		626E8DCB2F9DDC4A00BD51F9 /* XCRemoteSwiftPackageReference "FlyingFox" */ = {
			isa = XCRemoteSwiftPackageReference;
			repositoryURL = "https://github.com/swhitty/FlyingFox.git";
			requirement = {
				kind = upToNextMajorVersion;
				minimumVersion = 0.26.2;
			};
		};
		626E96E12F9E8DFE00BD51F9 /* XCRemoteSwiftPackageReference "swift-markdown" */ = {
			isa = XCRemoteSwiftPackageReference;
			repositoryURL = "https://github.com/swiftlang/swift-markdown";
			requirement = {
				kind = upToNextMajorVersion;
				minimumVersion = 0.7.3;
			};
		};
		626EAA012FA0000100BD51F9 /* XCRemoteSwiftPackageReference "swift-core-kit" */ = {
			isa = XCRemoteSwiftPackageReference;
			repositoryURL = "https://github.com/leuski/swift-core-kit.git";
			requirement = {
				branch = main;
				kind = branch;
			};
		};
/* End XCRemoteSwiftPackageReference section */

/* Begin XCSwiftPackageProductDependency section */
		626E8D8D2F9DD98A00BD51F9 /* ALFoundation */ = {
			isa = XCSwiftPackageProductDependency;
			package = 626EAA012FA0000100BD51F9 /* XCRemoteSwiftPackageReference "swift-core-kit" */;
			productName = ALFoundation;
		};
		626E8DCC2F9DDC4A00BD51F9 /* FlyingFox */ = {
			isa = XCSwiftPackageProductDependency;
			package = 626E8DCB2F9DDC4A00BD51F9 /* XCRemoteSwiftPackageReference "FlyingFox" */;
			productName = FlyingFox;
		};
		626E8DCE2F9DDC4A00BD51F9 /* FlyingSocks */ = {
			isa = XCSwiftPackageProductDependency;
			package = 626E8DCB2F9DDC4A00BD51F9 /* XCRemoteSwiftPackageReference "FlyingFox" */;
			productName = FlyingSocks;
		};
		626E8DD02F9DDC9100BD51F9 /* FlyingFox */ = {
			isa = XCSwiftPackageProductDependency;
			package = 626E8DCB2F9DDC4A00BD51F9 /* XCRemoteSwiftPackageReference "FlyingFox" */;
			productName = FlyingFox;
		};
		626E8DD22F9DDC9100BD51F9 /* FlyingSocks */ = {
			isa = XCSwiftPackageProductDependency;
			package = 626E8DCB2F9DDC4A00BD51F9 /* XCRemoteSwiftPackageReference "FlyingFox" */;
			productName = FlyingSocks;
		};
		626E8DD72F9DDC9B00BD51F9 /* ALFoundation */ = {
			isa = XCSwiftPackageProductDependency;
			package = 626EAA012FA0000100BD51F9 /* XCRemoteSwiftPackageReference "swift-core-kit" */;
			productName = ALFoundation;
		};
		626E96E22F9E8DFE00BD51F9 /* Markdown */ = {
			isa = XCSwiftPackageProductDependency;
			package = 626E96E12F9E8DFE00BD51F9 /* XCRemoteSwiftPackageReference "swift-markdown" */;
			productName = Markdown;
		};
		62F00001000000000000F002 /* GalleyCoreKit */ = {
			isa = XCSwiftPackageProductDependency;
			package = 62F00001000000000000F001 /* XCLocalSwiftPackageReference "Kit" */;
			productName = GalleyCoreKit;
		};
		62F00001000000000000F003 /* GalleyCoreKit */ = {
			isa = XCSwiftPackageProductDependency;
			package = 62F00001000000000000F001 /* XCLocalSwiftPackageReference "Kit" */;
			productName = GalleyCoreKit;
		};
		62F00001000000000000F008 /* GalleyServerKit */ = {
			isa = XCSwiftPackageProductDependency;
			package = 62F00001000000000000F001 /* XCLocalSwiftPackageReference "Kit" */;
			productName = GalleyServerKit;
		};
/* End XCSwiftPackageProductDependency section */
	};
	rootObject = 626E8D472F9DD1C700BD51F9 /* Project object */;
}
